
Microsoft Visual Studio Solution File, Format Version 12.00
# Visual Studio Version 16
VisualStudioVersion = 16.0.31515.178
MinimumVisualStudioVersion = 10.0.40219.1
Project("{9A19103F-16F7-4668-BE54-9A1E7A4F7556}") = "AOC.Tests", "AOC.Tests\AOC.Tests.csproj", "{B889A387-28AF-4D82-9126-C1E47DDEB5FB}"
EndProject
Project("{FAE04EC0-301F-11D3-BF4B-00C04F79EFBC}") = "AdventOfCode", "AdventOfCode\AdventOfCode.csproj", "{57D527E6-2464-4083-8762-C0F2E3CEA5EE}"
EndProject
Global
	GlobalSection(SolutionConfigurationPlatforms) = preSolution
		Debug|Any CPU = Debug|Any CPU
		Release|Any CPU = Release|Any CPU
	EndGlobalSection
	GlobalSection(ProjectConfigurationPlatforms) = postSolution
		{B889A387-28AF-4D82-9126-C1E47DDEB5FB}.Debug|Any CPU.ActiveCfg = Debug|Any CPU
		{B889A387-28AF-4D82-9126-C1E47DDEB5FB}.Debug|Any CPU.Build.0 = Debug|Any CPU
		{B889A387-28AF-4D82-9126-C1E47DDEB5FB}.Release|Any CPU.ActiveCfg = Release|Any CPU
		{B889A387-28AF-4D82-9126-C1E47DDEB5FB}.Release|Any CPU.Build.0 = Release|Any CPU
		{57D527E6-2464-4083-8762-C0F2E3CEA5EE}.Debug|Any CPU.ActiveCfg = Debug|Any CPU
		{57D527E6-2464-4083-8762-C0F2E3CEA5EE}.Debug|Any CPU.Build.0 = Debug|Any CPU
		{57D527E6-2464-4083-8762-C0F2E3CEA5EE}.Release|Any CPU.ActiveCfg = Release|Any CPU
		{57D527E6-2464-4083-8762-C0F2E3CEA5EE}.Release|Any CPU.Build.0 = Release|Any CPU
	EndGlobalSection
	GlobalSection(SolutionProperties) = preSolution
		HideSolutionNode = FALSE
	EndGlobalSection
	GlobalSection(ExtensibilityGlobals) = postSolution
		SolutionGuid = {713DB388-86BF-4BBB-97BC-86295B4E8DE1}
	EndGlobalSection
EndGlobal
